// !$*UTF8*$!
{
	archiveVersion = 1;
	classes = {
	};
	objectVersion = 46;
	objects = {

/* Begin PBXBuildFile section */
		F4D4F1501BE708AC003E74E5 /* AppDelegate.swift in Sources */ = {isa = PBXBuildFile; fileRef = F4D4F14F1BE708AC003E74E5 /* AppDelegate.swift */; };
		F4D4F1521BE708AC003E74E5 /* ViewController.swift in Sources */ = {isa = PBXBuildFile; fileRef = F4D4F1511BE708AC003E74E5 /* ViewController.swift */; };
		F4D4F1551BE708AC003E74E5 /* Main.storyboard in Resources */ = {isa = PBXBuildFile; fileRef = F4D4F1531BE708AC003E74E5 /* Main.storyboard */; };
		F4D4F1571BE708AC003E74E5 /* Assets.xcassets in Resources */ = {isa = PBXBuildFile; fileRef = F4D4F1561BE708AC003E74E5 /* Assets.xcassets */; };
		F4D4F15A1BE708AC003E74E5 /* LaunchScreen.storyboard in Resources */ = {isa = PBXBuildFile; fileRef = F4D4F1581BE708AC003E74E5 /* LaunchScreen.storyboard */; };
/* End PBXBuildFile section */

/* Begin PBXFileReference section */
		F4D4F14C1BE708AC003E74E5 /* MoveAViewAround.app */ = {isa = PBXFileReference; explicitFileType = wrapper.application; includeInIndex = 0; path = MoveAViewAround.app; sourceTree = BUILT_PRODUCTS_DIR; };
		F4D4F14F1BE708AC003E74E5 /* AppDelegate.swift */ = {isa = PBXFileReference; lastKnownFileType = sourcecode.swift; path = AppDelegate.swift; sourceTree = "<group>"; };
		F4D4F1511BE708AC003E74E5 /* ViewController.swift */ = {isa = PBXFileReference; lastKnownFileType = sourcecode.swift; path = ViewController.swift; sourceTree = "<group>"; };
		F4D4F1541BE708AC003E74E5 /* Base */ = {isa = PBXFileReference; lastKnownFileType = file.storyboard; name = Base; path = Base.lproj/Main.storyboard; sourceTree = "<group>"; };
		F4D4F1561BE708AC003E74E5 /* Assets.xcassets */ = {isa = PBXFileReference; lastKnownFileType = folder.assetcatalog; path = Assets.xcassets; sourceTree = "<group>"; };
		F4D4F1591BE708AC003E74E5 /* Base */ = {isa = PBXFileReference; lastKnownFileType = file.storyboard; name = Base; path = Base.lproj/LaunchScreen.storyboard; sourceTree = "<group>"; };
		F4D4F15B1BE708AC003E74E5 /* Info.plist */ = {isa = PBXFileReference; lastKnownFileType = text.plist.xml; path = Info.plist; sourceTree = "<group>"; };
/* End PBXFileReference section */

/* Begin PBXFrameworksBuildPhase section */
		F4D4F1491BE708AC003E74E5 /* Frameworks */ = {
			isa = PBXFrameworksBuildPhase;
			buildActionMask = 2147483647;
			files = (
			);
			runOnlyForDeploymentPostprocessing = 0;
		};
/* End PBXFrameworksBuildPhase section */

/* Begin PBXGroup section */
		F4D4F1431BE708AB003E74E5 = {
			isa = PBXGroup;
			children = (
				F4D4F14E1BE708AC003E74E5 /* MoveAViewAround */,
				F4D4F14D1BE708AC003E74E5 /* Products */,
			);
			sourceTree = "<group>";
		};
		F4D4F14D1BE708AC003E74E5 /* Products */ = {
			isa = PBXGroup;
			children = (
				F4D4F14C1BE708AC003E74E5 /* MoveAViewAround.app */,
			);
			name = Products;
			sourceTree = "<group>";
		};
		F4D4F14E1BE708AC003E74E5 /* MoveAViewAround */ = {
			isa = PBXGroup;
			children = (
				F4D4F14F1BE708AC003E74E5 /* AppDelegate.swift */,
				F4D4F1511BE708AC003E74E5 /* ViewController.swift */,
				F4D4F1531BE708AC003E74E5 /* Main.storyboard */,
				F4D4F1561BE708AC003E74E5 /* Assets.xcassets */,
				F4D4F1581BE708AC003E74E5 /* LaunchScreen.storyboard */,
				F4D4F15B1BE708AC003E74E5 /* Info.plist */,
			);
			path = MoveAViewAround;
			sourceTree = "<group>";
		};
/* End PBXGroup section */

/* Begin PBXNativeTarget section */
		F4D4F14B1BE708AC003E74E5 /* MoveAViewAround */ = {
			isa = PBXNativeTarget;
			buildConfigurationList = F4D4F15E1BE708AC003E74E5 /* Build configuration list for PBXNativeTarget "MoveAViewAround" */;
			buildPhases = (
				F4D4F1481BE708AC003E74E5 /* Sources */,
				F4D4F1491BE708AC003E74E5 /* Frameworks */,
				F4D4F14A1BE708AC003E74E5 /* Resources */,
			);
			buildRules = (
			);
			dependencies = (
			);
			name = MoveAViewAround;
			productName = MoveAViewAround;
			productReference = F4D4F14C1BE708AC003E74E5 /* MoveAViewAround.app */;
			productType = "com.apple.product-type.application";
		};
/* End PBXNativeTarget section */

/* Begin PBXProject section */
		F4D4F1441BE708AB003E74E5 /* Project object */ = {
			isa = PBXProject;
			attributes = {
				LastSwiftUpdateCheck = 0710;
				LastUpgradeCheck = 0710;
				ORGANIZATIONNAME = "Michael Simon";
				TargetAttributes = {
					F4D4F14B1BE708AC003E74E5 = {
						CreatedOnToolsVersion = 7.1;
						DevelopmentTeam = 679897X4HH;
					};
				};
			};
			buildConfigurationList = F4D4F1471BE708AB003E74E5 /* Build configuration list for PBXProject "MoveAViewAround" */;
			compatibilityVersion = "Xcode 3.2";
			developmentRegion = English;
			hasScannedForEncodings = 0;
			knownRegions = (
				en,
				Base,
			);
			mainGroup = F4D4F1431BE708AB003E74E5;
			productRefGroup = F4D4F14D1BE708AC003E74E5 /* Products */;
			projectDirPath = "";
			projectRoot = "";
			targets = (
				F4D4F14B1BE708AC003E74E5 /* MoveAViewAround */,
			);
		};
/* End PBXProject section */

/* Begin PBXResourcesBuildPhase section */
		F4D4F14A1BE708AC003E74E5 /* Resources */ = {
			isa = PBXResourcesBuildPhase;
			buildActionMask = 2147483647;
			files = (
				F4D4F15A1BE708AC003E74E5 /* LaunchScreen.storyboard in Resources */,
				F4D4F1571BE708AC003E74E5 /* Assets.xcassets in Resources */,
				F4D4F1551BE708AC003E74E5 /* Main.storyboard in Resources */,
			);
			runOnlyForDeploymentPostprocessing = 0;
		};
/* End PBXResourcesBuildPhase section */

/* Begin PBXSourcesBuildPhase section */
		F4D4F1481BE708AC003E74E5 /* Sources */ = {
			isa = PBXSourcesBuildPhase;
			buildActionMask = 2147483647;
			files = (
				F4D4F1521BE708AC003E74E5 /* ViewController.swift in Sources */,
				F4D4F1501BE708AC003E74E5 /* AppDelegate.swift in Sources */,
			);
			runOnlyForDeploymentPostprocessing = 0;
		};
/* End PBXSourcesBuildPhase section */

/* Begin PBXVariantGroup section */
		F4D4F1531BE708AC003E74E5 /* Main.storyboard */ = {
			isa = PBXVariantGroup;
			children = (
				F4D4F1541BE708AC003E74E5 /* Base */,
			);
			name = Main.storyboard;
			sourceTree = "<group>";
		};
		F4D4F1581BE708AC003E74E5 /* LaunchScreen.storyboard */ = {
			isa = PBXVariantGroup;
			children = (
				F4D4F1591BE708AC003E74E5 /* Base */,
			);
			name = LaunchScreen.storyboard;
			sourceTree = "<group>";
		};
/* End PBXVariantGroup section */

/* Begin XCBuildConfiguration section */
		F4D4F15C1BE708AC003E74E5 /* Debug */ = {
			isa = XCBuildConfiguration;
			buildSettings = {
				ALWAYS_SEARCH_USER_PATHS = NO;
				CLANG_CXX_LANGUAGE_STANDARD = "gnu++0x";
				CLANG_CXX_LIBRARY = "libc++";
				CLANG_ENABLE_MODULES = YES;
				CLANG_ENABLE_OBJC_ARC = YES;
				CLANG_WARN_BOOL_CONVERSION = YES;
				CLANG_WARN_CONSTANT_CONVERSION = YES;
				CLANG_WARN_DIRECT_OBJC_ISA_USAGE = YES_ERROR;
				CLANG_WARN_EMPTY_BODY = YES;
				CLANG_WARN_ENUM_CONVERSION = YES;
				CLANG_WARN_INT_CONVERSION = YES;
				CLANG_WARN_OBJC_ROOT_CLASS = YES_ERROR;
				CLANG_WARN_UNREACHABLE_CODE = YES;
				CLANG_WARN__DUPLICATE_METHOD_MATCH = YES;
				"CODE_SIGN_IDENTITY[sdk=iphoneos*]" = "iPhone Developer";
				COPY_PHASE_STRIP = NO;
				DEBUG_INFORMATION_FORMAT = dwarf;
				ENABLE_STRICT_OBJC_MSGSEND = YES;
				ENABLE_TESTABILITY = YES;
				GCC_C_LANGUAGE_STANDARD = gnu99;
				GCC_DYNAMIC_NO_PIC = NO;
				GCC_NO_COMMON_BLOCKS = YES;
				GCC_OPTIMIZATION_LEVEL = 0;
				GCC_PREPROCESSOR_DEFINITIONS = (
					"DEBUG=1",
					"$(inherited)",
				);
				GCC_WARN_64_TO_32_BIT_CONVERSION = YES;
				GCC_WARN_ABOUT_RETURN_TYPE = YES_ERROR;
				GCC_WARN_UNDECLARED_SELECTOR = YES;
				GCC_WARN_UNINITIALIZED_AUTOS = YES_AGGRESSIVE;
				GCC_WARN_UNUSED_FUNCTION = YES;
				GCC_WARN_UNUSED_VARIABLE = YES;
				IPHONEOS_DEPLOYMENT_TARGET = 9.1;
				MTL_ENABLE_DEBUG_INFO = YES;
				ONLY_ACTIVE_ARCH = YES;
				SDKROOT = iphoneos;
				SWIFT_OPTIMIZATION_LEVEL = "-Onone";
			};
			name = Debug;
		};
		F4D4F15D1BE708AC003E74E5 /* Release */ = {
			isa = XCBuildConfiguration;
			buildSettings = {
				ALWAYS_SEARCH_USER_PATHS = NO;
				CLANG_CXX_LANGUAGE_STANDARD = "gnu++0x";
				CLANG_CXX_LIBRARY = "libc++";
				CLANG_ENABLE_MODULES = YES;
				CLANG_ENABLE_OBJC_ARC = YES;
				CLANG_WARN_BOOL_CONVERSION = YES;
				CLANG_WARN_CONSTANT_CONVERSION = YES;
				CLANG_WARN_DIRECT_OBJC_ISA_USAGE = YES_ERROR;
				CLANG_WARN_EMPTY_BODY = YES;
				CLANG_WARN_ENUM_CONVERSION = YES;
				CLANG_WARN_INT_CONVERSION = YES;
				CLANG_WARN_OBJC_ROOT_CLASS = YES_ERROR;
				CLANG_WARN_UNREACHABLE_CODE = YES;
				CLANG_WARN__DUPLICATE_METHOD_MATCH = YES;
				"CODE_SIGN_IDENTITY[sdk=iphoneos*]" = "iPhone Developer";
				COPY_PHASE_STRIP = NO;
				DEBUG_INFORMATION_FORMAT = "dwarf-with-dsym";
				ENABLE_NS_ASSERTIONS = NO;
				ENABLE_STRICT_OBJC_MSGSEND = YES;
				GCC_C_LANGUAGE_STANDARD = gnu99;
				GCC_NO_COMMON_BLOCKS = YES;
				GCC_WARN_64_TO_32_BIT_CONVERSION = YES;
				GCC_WARN_ABOUT_RETURN_TYPE = YES_ERROR;
				GCC_WARN_UNDECLARED_SELECTOR = YES;
				GCC_WARN_UNINITIALIZED_AUTOS = YES_AGGRESSIVE;
				GCC_WARN_UNUSED_FUNCTION = YES;
				GCC_WARN_UNUSED_VARIABLE = YES;
				IPHONEOS_DEPLOYMENT_TARGET = 9.1;
				MTL_ENABLE_DEBUG_INFO = NO;
				SDKROOT = iphoneos;
				VALIDATE_PRODUCT = YES;
			};
			name = Release;
		};
		F4D4F15F1BE708AC003E74E5 /* Debug */ = {
			isa = XCBuildConfiguration;
			buildSettings = {
				ASSETCATALOG_COMPILER_APPICON_NAME = AppIcon;
				INFOPLIST_FILE = MoveAViewAround/Info.plist;
				LD_RUNPATH_SEARCH_PATHS = "$(inherited) @executable_path/Frameworks";
				PRODUCT_BUNDLE_IDENTIFIER = com.example.MoveAViewAround;
				PRODUCT_NAME = "$(TARGET_NAME)";
			};
			name = Debug;
		};
		F4D4F1601BE708AC003E74E5 /* Release */ = {
			isa = XCBuildConfiguration;
			buildSettings = {
				ASSETCATALOG_COMPILER_APPICON_NAME = AppIcon;
				INFOPLIST_FILE = MoveAViewAround/Info.plist;
				LD_RUNPATH_SEARCH_PATHS = "$(inherited) @executable_path/Frameworks";
				PRODUCT_BUNDLE_IDENTIFIER = com.example.MoveAViewAround;
				PRODUCT_NAME = "$(TARGET_NAME)";
			};
			name = Release;
		};
/* End XCBuildConfiguration section */

/* Begin XCConfigurationList section */
		F4D4F1471BE708AB003E74E5 /* Build configuration list for PBXProject "MoveAViewAround" */ = {
			isa = XCConfigurationList;
			buildConfigurations = (
				F4D4F15C1BE708AC003E74E5 /* Debug */,
				F4D4F15D1BE708AC003E74E5 /* Release */,
			);
			defaultConfigurationIsVisible = 0;
			defaultConfigurationName = Release;
		};
		F4D4F15E1BE708AC003E74E5 /* Build configuration list for PBXNativeTarget "MoveAViewAround" */ = {
			isa = XCConfigurationList;
			buildConfigurations = (
				F4D4F15F1BE708AC003E74E5 /* Debug */,
				F4D4F1601BE708AC003E74E5 /* Release */,
			);
			defaultConfigurationIsVisible = 0;
		};
/* End XCConfigurationList section */
	};
	rootObject = F4D4F1441BE708AB003E74E5 /* Project object */;
}
